// !$*UTF8*$!
{
	archiveVersion = 1;
	classes = {
	};
	objectVersion = 46;
	objects = {

/* Begin PBXBuildFile section */
		0436146F1CC629FF004E5C7E /* AppDelegate.swift in Sources */ = {isa = PBXBuildFile; fileRef = 0436146E1CC629FF004E5C7E /* AppDelegate.swift */; };
		043614711CC629FF004E5C7E /* FirstViewController.swift in Sources */ = {isa = PBXBuildFile; fileRef = 043614701CC629FF004E5C7E /* FirstViewController.swift */; };
		043614731CC629FF004E5C7E /* SecondViewController.swift in Sources */ = {isa = PBXBuildFile; fileRef = 043614721CC629FF004E5C7E /* SecondViewController.swift */; };
		043614761CC629FF004E5C7E /* Main.storyboard in Resources */ = {isa = PBXBuildFile; fileRef = 043614741CC629FF004E5C7E /* Main.storyboard */; };
		043614781CC629FF004E5C7E /* Assets.xcassets in Resources */ = {isa = PBXBuildFile; fileRef = 043614771CC629FF004E5C7E /* Assets.xcassets */; };
		0436147B1CC629FF004E5C7E /* LaunchScreen.storyboard in Resources */ = {isa = PBXBuildFile; fileRef = 043614791CC629FF004E5C7E /* LaunchScreen.storyboard */; };
/* End PBXBuildFile section */

/* Begin PBXFileReference section */
		0436146B1CC629FF004E5C7E /* ToDoList.app */ = {isa = PBXFileReference; explicitFileType = wrapper.application; includeInIndex = 0; path = ToDoList.app; sourceTree = BUILT_PRODUCTS_DIR; };
		0436146E1CC629FF004E5C7E /* AppDelegate.swift */ = {isa = PBXFileReference; lastKnownFileType = sourcecode.swift; path = AppDelegate.swift; sourceTree = "<group>"; };
		043614701CC629FF004E5C7E /* FirstViewController.swift */ = {isa = PBXFileReference; lastKnownFileType = sourcecode.swift; path = FirstViewController.swift; sourceTree = "<group>"; };
		043614721CC629FF004E5C7E /* SecondViewController.swift */ = {isa = PBXFileReference; lastKnownFileType = sourcecode.swift; path = SecondViewController.swift; sourceTree = "<group>"; };
		043614751CC629FF004E5C7E /* Base */ = {isa = PBXFileReference; lastKnownFileType = file.storyboard; name = Base; path = Base.lproj/Main.storyboard; sourceTree = "<group>"; };
		043614771CC629FF004E5C7E /* Assets.xcassets */ = {isa = PBXFileReference; lastKnownFileType = folder.assetcatalog; path = Assets.xcassets; sourceTree = "<group>"; };
		0436147A1CC629FF004E5C7E /* Base */ = {isa = PBXFileReference; lastKnownFileType = file.storyboard; name = Base; path = Base.lproj/LaunchScreen.storyboard; sourceTree = "<group>"; };
		0436147C1CC629FF004E5C7E /* Info.plist */ = {isa = PBXFileReference; lastKnownFileType = text.plist.xml; path = Info.plist; sourceTree = "<group>"; };
/* End PBXFileReference section */

/* Begin PBXFrameworksBuildPhase section */
		043614681CC629FF004E5C7E /* Frameworks */ = {
			isa = PBXFrameworksBuildPhase;
			buildActionMask = 2147483647;
			files = (
			);
			runOnlyForDeploymentPostprocessing = 0;
		};
/* End PBXFrameworksBuildPhase section */

/* Begin PBXGroup section */
		043614621CC629FF004E5C7E = {
			isa = PBXGroup;
			children = (
				0436146D1CC629FF004E5C7E /* ToDoList */,
				0436146C1CC629FF004E5C7E /* Products */,
			);
			sourceTree = "<group>";
		};
		0436146C1CC629FF004E5C7E /* Products */ = {
			isa = PBXGroup;
			children = (
				0436146B1CC629FF004E5C7E /* ToDoList.app */,
			);
			name = Products;
			sourceTree = "<group>";
		};
		0436146D1CC629FF004E5C7E /* ToDoList */ = {
			isa = PBXGroup;
			children = (
				0436146E1CC629FF004E5C7E /* AppDelegate.swift */,
				043614701CC629FF004E5C7E /* FirstViewController.swift */,
				043614721CC629FF004E5C7E /* SecondViewController.swift */,
				043614741CC629FF004E5C7E /* Main.storyboard */,
				043614771CC629FF004E5C7E /* Assets.xcassets */,
				043614791CC629FF004E5C7E /* LaunchScreen.storyboard */,
				0436147C1CC629FF004E5C7E /* Info.plist */,
			);
			path = ToDoList;
			sourceTree = "<group>";
		};
/* End PBXGroup section */

/* Begin PBXNativeTarget section */
		0436146A1CC629FF004E5C7E /* ToDoList */ = {
			isa = PBXNativeTarget;
			buildConfigurationList = 0436147F1CC629FF004E5C7E /* Build configuration list for PBXNativeTarget "ToDoList" */;
			buildPhases = (
				043614671CC629FF004E5C7E /* Sources */,
				043614681CC629FF004E5C7E /* Frameworks */,
				043614691CC629FF004E5C7E /* Resources */,
			);
			buildRules = (
			);
			dependencies = (
			);
			name = ToDoList;
			productName = ToDoList;
			productReference = 0436146B1CC629FF004E5C7E /* ToDoList.app */;
			productType = "com.apple.product-type.application";
		};
/* End PBXNativeTarget section */

/* Begin PBXProject section */
		043614631CC629FF004E5C7E /* Project object */ = {
			isa = PBXProject;
			attributes = {
				LastSwiftUpdateCheck = 0720;
				LastUpgradeCheck = 0720;
				ORGANIZATIONNAME = ssiang1627;
				TargetAttributes = {
					0436146A1CC629FF004E5C7E = {
						CreatedOnToolsVersion = 7.2.1;
						DevelopmentTeam = QFZ2663XLK;
					};
				};
			};
			buildConfigurationList = 043614661CC629FF004E5C7E /* Build configuration list for PBXProject "ToDoList" */;
			compatibilityVersion = "Xcode 3.2";
			developmentRegion = English;
			hasScannedForEncodings = 0;
			knownRegions = (
				en,
				Base,
			);
			mainGroup = 043614621CC629FF004E5C7E;
			productRefGroup = 0436146C1CC629FF004E5C7E /* Products */;
			projectDirPath = "";
			projectRoot = "";
			targets = (
				0436146A1CC629FF004E5C7E /* ToDoList */,
			);
		};
/* End PBXProject section */

/* Begin PBXResourcesBuildPhase section */
		043614691CC629FF004E5C7E /* Resources */ = {
			isa = PBXResourcesBuildPhase;
			buildActionMask = 2147483647;
			files = (
				0436147B1CC629FF004E5C7E /* LaunchScreen.storyboard in Resources */,
				043614781CC629FF004E5C7E /* Assets.xcassets in Resources */,
				043614761CC629FF004E5C7E /* Main.storyboard in Resources */,
			);
			runOnlyForDeploymentPostprocessing = 0;
		};
/* End PBXResourcesBuildPhase section */

/* Begin PBXSourcesBuildPhase section */
		043614671CC629FF004E5C7E /* Sources */ = {
			isa = PBXSourcesBuildPhase;
			buildActionMask = 2147483647;
			files = (
				043614731CC629FF004E5C7E /* SecondViewController.swift in Sources */,
				0436146F1CC629FF004E5C7E /* AppDelegate.swift in Sources */,
				043614711CC629FF004E5C7E /* FirstViewController.swift in Sources */,
			);
			runOnlyForDeploymentPostprocessing = 0;
		};
/* End PBXSourcesBuildPhase section */

/* Begin PBXVariantGroup section */
		043614741CC629FF004E5C7E /* Main.storyboard */ = {
			isa = PBXVariantGroup;
			children = (
				043614751CC629FF004E5C7E /* Base */,
			);
			name = Main.storyboard;
			sourceTree = "<group>";
		};
		043614791CC629FF004E5C7E /* LaunchScreen.storyboard */ = {
			isa = PBXVariantGroup;
			children = (
				0436147A1CC629FF004E5C7E /* Base */,
			);
			name = LaunchScreen.storyboard;
			sourceTree = "<group>";
		};
/* End PBXVariantGroup section */

/* Begin XCBuildConfiguration section */
		0436147D1CC629FF004E5C7E /* Debug */ = {
			isa = XCBuildConfiguration;
			buildSettings = {
				ALWAYS_SEARCH_USER_PATHS = NO;
				CLANG_CXX_LANGUAGE_STANDARD = "gnu++0x";
				CLANG_CXX_LIBRARY = "libc++";
				CLANG_ENABLE_MODULES = YES;
				CLANG_ENABLE_OBJC_ARC = YES;
				CLANG_WARN_BOOL_CONVERSION = YES;
				CLANG_WARN_CONSTANT_CONVERSION = YES;
				CLANG_WARN_DIRECT_OBJC_ISA_USAGE = YES_ERROR;
				CLANG_WARN_EMPTY_BODY = YES;
				CLANG_WARN_ENUM_CONVERSION = YES;
				CLANG_WARN_INT_CONVERSION = YES;
				CLANG_WARN_OBJC_ROOT_CLASS = YES_ERROR;
				CLANG_WARN_UNREACHABLE_CODE = YES;
				CLANG_WARN__DUPLICATE_METHOD_MATCH = YES;
				"CODE_SIGN_IDENTITY[sdk=iphoneos*]" = "iPhone Developer";
				COPY_PHASE_STRIP = NO;
				DEBUG_INFORMATION_FORMAT = dwarf;
				ENABLE_STRICT_OBJC_MSGSEND = YES;
				ENABLE_TESTABILITY = YES;
				GCC_C_LANGUAGE_STANDARD = gnu99;
				GCC_DYNAMIC_NO_PIC = NO;
				GCC_NO_COMMON_BLOCKS = YES;
				GCC_OPTIMIZATION_LEVEL = 0;
				GCC_PREPROCESSOR_DEFINITIONS = (
					"DEBUG=1",
					"$(inherited)",
				);
				GCC_WARN_64_TO_32_BIT_CONVERSION = YES;
				GCC_WARN_ABOUT_RETURN_TYPE = YES_ERROR;
				GCC_WARN_UNDECLARED_SELECTOR = YES;
				GCC_WARN_UNINITIALIZED_AUTOS = YES_AGGRESSIVE;
				GCC_WARN_UNUSED_FUNCTION = YES;
				GCC_WARN_UNUSED_VARIABLE = YES;
				IPHONEOS_DEPLOYMENT_TARGET = 9.2;
				MTL_ENABLE_DEBUG_INFO = YES;
				ONLY_ACTIVE_ARCH = YES;
				SDKROOT = iphoneos;
				SWIFT_OPTIMIZATION_LEVEL = "-Onone";
				TARGETED_DEVICE_FAMILY = "1,2";
			};
			name = Debug;
		};
		0436147E1CC629FF004E5C7E /* Release */ = {
			isa = XCBuildConfiguration;
			buildSettings = {
				ALWAYS_SEARCH_USER_PATHS = NO;
				CLANG_CXX_LANGUAGE_STANDARD = "gnu++0x";
				CLANG_CXX_LIBRARY = "libc++";
				CLANG_ENABLE_MODULES = YES;
				CLANG_ENABLE_OBJC_ARC = YES;
				CLANG_WARN_BOOL_CONVERSION = YES;
				CLANG_WARN_CONSTANT_CONVERSION = YES;
				CLANG_WARN_DIRECT_OBJC_ISA_USAGE = YES_ERROR;
				CLANG_WARN_EMPTY_BODY = YES;
				CLANG_WARN_ENUM_CONVERSION = YES;
				CLANG_WARN_INT_CONVERSION = YES;
				CLANG_WARN_OBJC_ROOT_CLASS = YES_ERROR;
				CLANG_WARN_UNREACHABLE_CODE = YES;
				CLANG_WARN__DUPLICATE_METHOD_MATCH = YES;
				"CODE_SIGN_IDENTITY[sdk=iphoneos*]" = "iPhone Developer";
				COPY_PHASE_STRIP = NO;
				DEBUG_INFORMATION_FORMAT = "dwarf-with-dsym";
				ENABLE_NS_ASSERTIONS = NO;
				ENABLE_STRICT_OBJC_MSGSEND = YES;
				GCC_C_LANGUAGE_STANDARD = gnu99;
				GCC_NO_COMMON_BLOCKS = YES;
				GCC_WARN_64_TO_32_BIT_CONVERSION = YES;
				GCC_WARN_ABOUT_RETURN_TYPE = YES_ERROR;
				GCC_WARN_UNDECLARED_SELECTOR = YES;
				GCC_WARN_UNINITIALIZED_AUTOS = YES_AGGRESSIVE;
				GCC_WARN_UNUSED_FUNCTION = YES;
				GCC_WARN_UNUSED_VARIABLE = YES;
				IPHONEOS_DEPLOYMENT_TARGET = 9.2;
				MTL_ENABLE_DEBUG_INFO = NO;
				SDKROOT = iphoneos;
				TARGETED_DEVICE_FAMILY = "1,2";
				VALIDATE_PRODUCT = YES;
			};
			name = Release;
		};
		043614801CC629FF004E5C7E /* Debug */ = {
			isa = XCBuildConfiguration;
			buildSettings = {
				ASSETCATALOG_COMPILER_APPICON_NAME = AppIcon;
				INFOPLIST_FILE = ToDoList/Info.plist;
				LD_RUNPATH_SEARCH_PATHS = "$(inherited) @executable_path/Frameworks";
				PRODUCT_BUNDLE_IDENTIFIER = com.ssiang1627.ToDoList;
				PRODUCT_NAME = "$(TARGET_NAME)";
			};
			name = Debug;
		};
		043614811CC629FF004E5C7E /* Release */ = {
			isa = XCBuildConfiguration;
			buildSettings = {
				ASSETCATALOG_COMPILER_APPICON_NAME = AppIcon;
				INFOPLIST_FILE = ToDoList/Info.plist;
				LD_RUNPATH_SEARCH_PATHS = "$(inherited) @executable_path/Frameworks";
				PRODUCT_BUNDLE_IDENTIFIER = com.ssiang1627.ToDoList;
				PRODUCT_NAME = "$(TARGET_NAME)";
			};
			name = Release;
		};
/* End XCBuildConfiguration section */

/* Begin XCConfigurationList section */
		043614661CC629FF004E5C7E /* Build configuration list for PBXProject "ToDoList" */ = {
			isa = XCConfigurationList;
			buildConfigurations = (
				0436147D1CC629FF004E5C7E /* Debug */,
				0436147E1CC629FF004E5C7E /* Release */,
			);
			defaultConfigurationIsVisible = 0;
			defaultConfigurationName = Release;
		};
		0436147F1CC629FF004E5C7E /* Build configuration list for PBXNativeTarget "ToDoList" */ = {
			isa = XCConfigurationList;
			buildConfigurations = (
				043614801CC629FF004E5C7E /* Debug */,
				043614811CC629FF004E5C7E /* Release */,
			);
			defaultConfigurationIsVisible = 0;
		};
/* End XCConfigurationList section */
	};
	rootObject = 043614631CC629FF004E5C7E /* Project object */;
}
